// !$*UTF8*$!
{
	archiveVersion = 1;
	classes = {
	};
	objectVersion = 50;
	objects = {

/* Begin PBXBuildFile section */
		AECD12B625F9FA1900F90399 /* LocoFramework.framework in Frameworks */ = {isa = PBXBuildFile; fileRef = AECD12AC25F9FA1900F90399 /* LocoFramework.framework */; };
		AECD12BB25F9FA1900F90399 /* LocoFrameworkTests.swift in Sources */ = {isa = PBXBuildFile; fileRef = AECD12BA25F9FA1900F90399 /* LocoFrameworkTests.swift */; };
		AECD12BD25F9FA1900F90399 /* LocoFramework.h in Headers */ = {isa = PBXBuildFile; fileRef = AECD12AF25F9FA1900F90399 /* LocoFramework.h */; settings = {ATTRIBUTES = (Public, ); }; };
		AECD12C925F9FA2900F90399 /* Service.swift in Sources */ = {isa = PBXBuildFile; fileRef = AECD12C825F9FA2900F90399 /* Service.swift */; };
/* End PBXBuildFile section */

/* Begin PBXContainerItemProxy section */
		AECD12B725F9FA1900F90399 /* PBXContainerItemProxy */ = {
			isa = PBXContainerItemProxy;
			containerPortal = AECD12A325F9FA1900F90399 /* Project object */;
			proxyType = 1;
			remoteGlobalIDString = AECD12AB25F9FA1900F90399;
			remoteInfo = LocoFramework;
		};
/* End PBXContainerItemProxy section */

/* Begin PBXFileReference section */
		AECD12AC25F9FA1900F90399 /* LocoFramework.framework */ = {isa = PBXFileReference; explicitFileType = wrapper.framework; includeInIndex = 0; path = LocoFramework.framework; sourceTree = BUILT_PRODUCTS_DIR; };
		AECD12AF25F9FA1900F90399 /* LocoFramework.h */ = {isa = PBXFileReference; lastKnownFileType = sourcecode.c.h; path = LocoFramework.h; sourceTree = "<group>"; };
		AECD12B025F9FA1900F90399 /* Info.plist */ = {isa = PBXFileReference; lastKnownFileType = text.plist.xml; path = Info.plist; sourceTree = "<group>"; };
		AECD12B525F9FA1900F90399 /* LocoFrameworkTests.xctest */ = {isa = PBXFileReference; explicitFileType = wrapper.cfbundle; includeInIndex = 0; path = LocoFrameworkTests.xctest; sourceTree = BUILT_PRODUCTS_DIR; };
		AECD12BA25F9FA1900F90399 /* LocoFrameworkTests.swift */ = {isa = PBXFileReference; lastKnownFileType = sourcecode.swift; path = LocoFrameworkTests.swift; sourceTree = "<group>"; };
		AECD12BC25F9FA1900F90399 /* Info.plist */ = {isa = PBXFileReference; lastKnownFileType = text.plist.xml; path = Info.plist; sourceTree = "<group>"; };
		AECD12C825F9FA2900F90399 /* Service.swift */ = {isa = PBXFileReference; lastKnownFileType = sourcecode.swift; path = Service.swift; sourceTree = "<group>"; };
/* End PBXFileReference section */

/* Begin PBXFrameworksBuildPhase section */
		AECD12A925F9FA1900F90399 /* Frameworks */ = {
			isa = PBXFrameworksBuildPhase;
			buildActionMask = 2147483647;
			files = (
			);
			runOnlyForDeploymentPostprocessing = 0;
		};
		AECD12B225F9FA1900F90399 /* Frameworks */ = {
			isa = PBXFrameworksBuildPhase;
			buildActionMask = 2147483647;
			files = (
				AECD12B625F9FA1900F90399 /* LocoFramework.framework in Frameworks */,
			);
			runOnlyForDeploymentPostprocessing = 0;
		};
/* End PBXFrameworksBuildPhase section */

/* Begin PBXGroup section */
		AECD12A225F9FA1900F90399 = {
			isa = PBXGroup;
			children = (
				AECD12AE25F9FA1900F90399 /* LocoFramework */,
				AECD12B925F9FA1900F90399 /* LocoFrameworkTests */,
				AECD12AD25F9FA1900F90399 /* Products */,
			);
			sourceTree = "<group>";
		};
		AECD12AD25F9FA1900F90399 /* Products */ = {
			isa = PBXGroup;
			children = (
				AECD12AC25F9FA1900F90399 /* LocoFramework.framework */,
				AECD12B525F9FA1900F90399 /* LocoFrameworkTests.xctest */,
			);
			name = Products;
			sourceTree = "<group>";
		};
		AECD12AE25F9FA1900F90399 /* LocoFramework */ = {
			isa = PBXGroup;
			children = (
				AECD12AF25F9FA1900F90399 /* LocoFramework.h */,
				AECD12C825F9FA2900F90399 /* Service.swift */,
				AECD12B025F9FA1900F90399 /* Info.plist */,
			);
			path = LocoFramework;
			sourceTree = "<group>";
		};
		AECD12B925F9FA1900F90399 /* LocoFrameworkTests */ = {
			isa = PBXGroup;
			children = (
				AECD12BA25F9FA1900F90399 /* LocoFrameworkTests.swift */,
				AECD12BC25F9FA1900F90399 /* Info.plist */,
			);
			path = LocoFrameworkTests;
			sourceTree = "<group>";
		};
/* End PBXGroup section */

/* Begin PBXHeadersBuildPhase section */
		AECD12A725F9FA1900F90399 /* Headers */ = {
			isa = PBXHeadersBuildPhase;
			buildActionMask = 2147483647;
			files = (
				AECD12BD25F9FA1900F90399 /* LocoFramework.h in Headers */,
			);
			runOnlyForDeploymentPostprocessing = 0;
		};
/* End PBXHeadersBuildPhase section */

/* Begin PBXNativeTarget section */
		AECD12AB25F9FA1900F90399 /* LocoFramework */ = {
			isa = PBXNativeTarget;
			buildConfigurationList = AECD12C025F9FA1900F90399 /* Build configuration list for PBXNativeTarget "LocoFramework" */;
			buildPhases = (
				AECD12A725F9FA1900F90399 /* Headers */,
				AECD12A825F9FA1900F90399 /* Sources */,
				AECD12A925F9FA1900F90399 /* Frameworks */,
				AECD12AA25F9FA1900F90399 /* Resources */,
			);
			buildRules = (
			);
			dependencies = (
			);
			name = LocoFramework;
			productName = LocoFramework;
			productReference = AECD12AC25F9FA1900F90399 /* LocoFramework.framework */;
			productType = "com.apple.product-type.framework";
		};
		AECD12B425F9FA1900F90399 /* LocoFrameworkTests */ = {
			isa = PBXNativeTarget;
			buildConfigurationList = AECD12C325F9FA1900F90399 /* Build configuration list for PBXNativeTarget "LocoFrameworkTests" */;
			buildPhases = (
				AECD12B125F9FA1900F90399 /* Sources */,
				AECD12B225F9FA1900F90399 /* Frameworks */,
				AECD12B325F9FA1900F90399 /* Resources */,
			);
			buildRules = (
			);
			dependencies = (
				AECD12B825F9FA1900F90399 /* PBXTargetDependency */,
			);
			name = LocoFrameworkTests;
			productName = LocoFrameworkTests;
			productReference = AECD12B525F9FA1900F90399 /* LocoFrameworkTests.xctest */;
			productType = "com.apple.product-type.bundle.unit-test";
		};
/* End PBXNativeTarget section */

/* Begin PBXProject section */
		AECD12A325F9FA1900F90399 /* Project object */ = {
			isa = PBXProject;
			attributes = {
				LastSwiftUpdateCheck = 1240;
				LastUpgradeCheck = 1240;
				TargetAttributes = {
					AECD12AB25F9FA1900F90399 = {
						CreatedOnToolsVersion = 12.4;
						LastSwiftMigration = 1240;
					};
					AECD12B425F9FA1900F90399 = {
						CreatedOnToolsVersion = 12.4;
					};
				};
			};
			buildConfigurationList = AECD12A625F9FA1900F90399 /* Build configuration list for PBXProject "LocoFramework" */;
			compatibilityVersion = "Xcode 9.3";
			developmentRegion = en;
			hasScannedForEncodings = 0;
			knownRegions = (
				en,
				Base,
			);
			mainGroup = AECD12A225F9FA1900F90399;
			productRefGroup = AECD12AD25F9FA1900F90399 /* Products */;
			projectDirPath = "";
			projectRoot = "";
			targets = (
				AECD12AB25F9FA1900F90399 /* LocoFramework */,
				AECD12B425F9FA1900F90399 /* LocoFrameworkTests */,
			);
		};
/* End PBXProject section */

/* Begin PBXResourcesBuildPhase section */
		AECD12AA25F9FA1900F90399 /* Resources */ = {
			isa = PBXResourcesBuildPhase;
			buildActionMask = 2147483647;
			files = (
			);
			runOnlyForDeploymentPostprocessing = 0;
		};
		AECD12B325F9FA1900F90399 /* Resources */ = {
			isa = PBXResourcesBuildPhase;
			buildActionMask = 2147483647;
			files = (
			);
			runOnlyForDeploymentPostprocessing = 0;
		};
/* End PBXResourcesBuildPhase section */

/* Begin PBXSourcesBuildPhase section */
		AECD12A825F9FA1900F90399 /* Sources */ = {
			isa = PBXSourcesBuildPhase;
			buildActionMask = 2147483647;
			files = (
				AECD12C925F9FA2900F90399 /* Service.swift in Sources */,
			);
			runOnlyForDeploymentPostprocessing = 0;
		};
		AECD12B125F9FA1900F90399 /* Sources */ = {
			isa = PBXSourcesBuildPhase;
			buildActionMask = 2147483647;
			files = (
				AECD12BB25F9FA1900F90399 /* LocoFrameworkTests.swift in Sources */,
			);
			runOnlyForDeploymentPostprocessing = 0;
		};
/* End PBXSourcesBuildPhase section */

/* Begin PBXTargetDependency section */
		AECD12B825F9FA1900F90399 /* PBXTargetDependency */ = {
			isa = PBXTargetDependency;
			target = AECD12AB25F9FA1900F90399 /* LocoFramework */;
			targetProxy = AECD12B725F9FA1900F90399 /* PBXContainerItemProxy */;
		};
/* End PBXTargetDependency section */

/* Begin XCBuildConfiguration section */
		AECD12BE25F9FA1900F90399 /* Debug */ = {
			isa = XCBuildConfiguration;
			buildSettings = {
				ALWAYS_SEARCH_USER_PATHS = NO;
				CLANG_ANALYZER_NONNULL = YES;
				CLANG_ANALYZER_NUMBER_OBJECT_CONVERSION = YES_AGGRESSIVE;
				CLANG_CXX_LANGUAGE_STANDARD = "gnu++14";
				CLANG_CXX_LIBRARY = "libc++";
				CLANG_ENABLE_MODULES = YES;
				CLANG_ENABLE_OBJC_ARC = YES;
				CLANG_ENABLE_OBJC_WEAK = YES;
				CLANG_WARN_BLOCK_CAPTURE_AUTORELEASING = YES;
				CLANG_WARN_BOOL_CONVERSION = YES;
				CLANG_WARN_COMMA = YES;
				CLANG_WARN_CONSTANT_CONVERSION = YES;
				CLANG_WARN_DEPRECATED_OBJC_IMPLEMENTATIONS = YES;
				CLANG_WARN_DIRECT_OBJC_ISA_USAGE = YES_ERROR;
				CLANG_WARN_DOCUMENTATION_COMMENTS = YES;
				CLANG_WARN_EMPTY_BODY = YES;
				CLANG_WARN_ENUM_CONVERSION = YES;
				CLANG_WARN_INFINITE_RECURSION = YES;
				CLANG_WARN_INT_CONVERSION = YES;
				CLANG_WARN_NON_LITERAL_NULL_CONVERSION = YES;
				CLANG_WARN_OBJC_IMPLICIT_RETAIN_SELF = YES;
				CLANG_WARN_OBJC_LITERAL_CONVERSION = YES;
				CLANG_WARN_OBJC_ROOT_CLASS = YES_ERROR;
				CLANG_WARN_QUOTED_INCLUDE_IN_FRAMEWORK_HEADER = YES;
				CLANG_WARN_RANGE_LOOP_ANALYSIS = YES;
				CLANG_WARN_STRICT_PROTOTYPES = YES;
				CLANG_WARN_SUSPICIOUS_MOVE = YES;
				CLANG_WARN_UNGUARDED_AVAILABILITY = YES_AGGRESSIVE;
				CLANG_WARN_UNREACHABLE_CODE = YES;
				CLANG_WARN__DUPLICATE_METHOD_MATCH = YES;
				COPY_PHASE_STRIP = NO;
				CURRENT_PROJECT_VERSION = 1;
				DEBUG_INFORMATION_FORMAT = dwarf;
				ENABLE_STRICT_OBJC_MSGSEND = YES;
				ENABLE_TESTABILITY = YES;
				GCC_C_LANGUAGE_STANDARD = gnu11;
				GCC_DYNAMIC_NO_PIC = NO;
				GCC_NO_COMMON_BLOCKS = YES;
				GCC_OPTIMIZATION_LEVEL = 0;
				GCC_PREPROCESSOR_DEFINITIONS = (
					"DEBUG=1",
					"$(inherited)",
				);
				GCC_WARN_64_TO_32_BIT_CONVERSION = YES;
				GCC_WARN_ABOUT_RETURN_TYPE = YES_ERROR;
				GCC_WARN_UNDECLARED_SELECTOR = YES;
				GCC_WARN_UNINITIALIZED_AUTOS = YES_AGGRESSIVE;
				GCC_WARN_UNUSED_FUNCTION = YES;
				GCC_WARN_UNUSED_VARIABLE = YES;
				IPHONEOS_DEPLOYMENT_TARGET = 14.4;
				MTL_ENABLE_DEBUG_INFO = INCLUDE_SOURCE;
				MTL_FAST_MATH = YES;
				ONLY_ACTIVE_ARCH = YES;
				SDKROOT = iphoneos;
				SWIFT_ACTIVE_COMPILATION_CONDITIONS = DEBUG;
				SWIFT_OPTIMIZATION_LEVEL = "-Onone";
				VERSIONING_SYSTEM = "apple-generic";
				VERSION_INFO_PREFIX = "";
			};
			name = Debug;
		};
		AECD12BF25F9FA1900F90399 /* Release */ = {
			isa = XCBuildConfiguration;
			buildSettings = {
				ALWAYS_SEARCH_USER_PATHS = NO;
				CLANG_ANALYZER_NONNULL = YES;
				CLANG_ANALYZER_NUMBER_OBJECT_CONVERSION = YES_AGGRESSIVE;
				CLANG_CXX_LANGUAGE_STANDARD = "gnu++14";
				CLANG_CXX_LIBRARY = "libc++";
				CLANG_ENABLE_MODULES = YES;
				CLANG_ENABLE_OBJC_ARC = YES;
				CLANG_ENABLE_OBJC_WEAK = YES;
				CLANG_WARN_BLOCK_CAPTURE_AUTORELEASING = YES;
				CLANG_WARN_BOOL_CONVERSION = YES;
				CLANG_WARN_COMMA = YES;
				CLANG_WARN_CONSTANT_CONVERSION = YES;
				CLANG_WARN_DEPRECATED_OBJC_IMPLEMENTATIONS = YES;
				CLANG_WARN_DIRECT_OBJC_ISA_USAGE = YES_ERROR;
				CLANG_WARN_DOCUMENTATION_COMMENTS = YES;
				CLANG_WARN_EMPTY_BODY = YES;
				CLANG_WARN_ENUM_CONVERSION = YES;
				CLANG_WARN_INFINITE_RECURSION = YES;
				CLANG_WARN_INT_CONVERSION = YES;
				CLANG_WARN_NON_LITERAL_NULL_CONVERSION = YES;
				CLANG_WARN_OBJC_IMPLICIT_RETAIN_SELF = YES;
				CLANG_WARN_OBJC_LITERAL_CONVERSION = YES;
				CLANG_WARN_OBJC_ROOT_CLASS = YES_ERROR;
				CLANG_WARN_QUOTED_INCLUDE_IN_FRAMEWORK_HEADER = YES;
				CLANG_WARN_RANGE_LOOP_ANALYSIS = YES;
				CLANG_WARN_STRICT_PROTOTYPES = YES;
				CLANG_WARN_SUSPICIOUS_MOVE = YES;
				CLANG_WARN_UNGUARDED_AVAILABILITY = YES_AGGRESSIVE;
				CLANG_WARN_UNREACHABLE_CODE = YES;
				CLANG_WARN__DUPLICATE_METHOD_MATCH = YES;
				COPY_PHASE_STRIP = NO;
				CURRENT_PROJECT_VERSION = 1;
				DEBUG_INFORMATION_FORMAT = "dwarf-with-dsym";
				ENABLE_NS_ASSERTIONS = NO;
				ENABLE_STRICT_OBJC_MSGSEND = YES;
				GCC_C_LANGUAGE_STANDARD = gnu11;
				GCC_NO_COMMON_BLOCKS = YES;
				GCC_WARN_64_TO_32_BIT_CONVERSION = YES;
				GCC_WARN_ABOUT_RETURN_TYPE = YES_ERROR;
				GCC_WARN_UNDECLARED_SELECTOR = YES;
				GCC_WARN_UNINITIALIZED_AUTOS = YES_AGGRESSIVE;
				GCC_WARN_UNUSED_FUNCTION = YES;
				GCC_WARN_UNUSED_VARIABLE = YES;
				IPHONEOS_DEPLOYMENT_TARGET = 14.4;
				MTL_ENABLE_DEBUG_INFO = NO;
				MTL_FAST_MATH = YES;
				SDKROOT = iphoneos;
				SWIFT_COMPILATION_MODE = wholemodule;
				SWIFT_OPTIMIZATION_LEVEL = "-O";
				VALIDATE_PRODUCT = YES;
				VERSIONING_SYSTEM = "apple-generic";
				VERSION_INFO_PREFIX = "";
			};
			name = Release;
		};
		AECD12C125F9FA1900F90399 /* Debug */ = {
			isa = XCBuildConfiguration;
			buildSettings = {
				CLANG_ENABLE_MODULES = YES;
				CODE_SIGN_STYLE = Automatic;
				DEFINES_MODULE = YES;
				DEVELOPMENT_TEAM = TSZQ4D456H;
				DYLIB_COMPATIBILITY_VERSION = 1;
				DYLIB_CURRENT_VERSION = 1;
				DYLIB_INSTALL_NAME_BASE = "@rpath";
				INFOPLIST_FILE = LocoFramework/Info.plist;
				INSTALL_PATH = "$(LOCAL_LIBRARY_DIR)/Frameworks";
				LD_RUNPATH_SEARCH_PATHS = (
					"$(inherited)",
					"@executable_path/Frameworks",
					"@loader_path/Frameworks",
				);
				PRODUCT_BUNDLE_IDENTIFIER = com.alexeyparkhomenko.LocoFramework;
				PRODUCT_NAME = "$(TARGET_NAME:c99extidentifier)";
				SKIP_INSTALL = YES;
				SWIFT_OPTIMIZATION_LEVEL = "-Onone";
				SWIFT_VERSION = 5.0;
				TARGETED_DEVICE_FAMILY = "1,2";
			};
			name = Debug;
		};
		AECD12C225F9FA1900F90399 /* Release */ = {
			isa = XCBuildConfiguration;
			buildSettings = {
				CLANG_ENABLE_MODULES = YES;
				CODE_SIGN_STYLE = Automatic;
				DEFINES_MODULE = YES;
				DEVELOPMENT_TEAM = TSZQ4D456H;
				DYLIB_COMPATIBILITY_VERSION = 1;
				DYLIB_CURRENT_VERSION = 1;
				DYLIB_INSTALL_NAME_BASE = "@rpath";
				INFOPLIST_FILE = LocoFramework/Info.plist;
				INSTALL_PATH = "$(LOCAL_LIBRARY_DIR)/Frameworks";
				LD_RUNPATH_SEARCH_PATHS = (
					"$(inherited)",
					"@executable_path/Frameworks",
					"@loader_path/Frameworks",
				);
				PRODUCT_BUNDLE_IDENTIFIER = com.alexeyparkhomenko.LocoFramework;
				PRODUCT_NAME = "$(TARGET_NAME:c99extidentifier)";
				SKIP_INSTALL = YES;
				SWIFT_VERSION = 5.0;
				TARGETED_DEVICE_FAMILY = "1,2";
			};
			name = Release;
		};
		AECD12C425F9FA1900F90399 /* Debug */ = {
			isa = XCBuildConfiguration;
			buildSettings = {
				ALWAYS_EMBED_SWIFT_STANDARD_LIBRARIES = YES;
				CODE_SIGN_STYLE = Automatic;
				DEVELOPMENT_TEAM = TSZQ4D456H;
				INFOPLIST_FILE = LocoFrameworkTests/Info.plist;
				LD_RUNPATH_SEARCH_PATHS = (
					"$(inherited)",
					"@executable_path/Frameworks",
					"@loader_path/Frameworks",
				);
				PRODUCT_BUNDLE_IDENTIFIER = com.alexeyparkhomenko.LocoFrameworkTests;
				PRODUCT_NAME = "$(TARGET_NAME)";
				SWIFT_VERSION = 5.0;
				TARGETED_DEVICE_FAMILY = "1,2";
			};
			name = Debug;
		};
		AECD12C525F9FA1900F90399 /* Release */ = {
			isa = XCBuildConfiguration;
			buildSettings = {
				ALWAYS_EMBED_SWIFT_STANDARD_LIBRARIES = YES;
				CODE_SIGN_STYLE = Automatic;
				DEVELOPMENT_TEAM = TSZQ4D456H;
				INFOPLIST_FILE = LocoFrameworkTests/Info.plist;
				LD_RUNPATH_SEARCH_PATHS = (
					"$(inherited)",
					"@executable_path/Frameworks",
					"@loader_path/Frameworks",
				);
				PRODUCT_BUNDLE_IDENTIFIER = com.alexeyparkhomenko.LocoFrameworkTests;
				PRODUCT_NAME = "$(TARGET_NAME)";
				SWIFT_VERSION = 5.0;
				TARGETED_DEVICE_FAMILY = "1,2";
			};
			name = Release;
		};
/* End XCBuildConfiguration section */

/* Begin XCConfigurationList section */
		AECD12A625F9FA1900F90399 /* Build configuration list for PBXProject "LocoFramework" */ = {
			isa = XCConfigurationList;
			buildConfigurations = (
				AECD12BE25F9FA1900F90399 /* Debug */,
				AECD12BF25F9FA1900F90399 /* Release */,
			);
			defaultConfigurationIsVisible = 0;
			defaultConfigurationName = Release;
		};
		AECD12C025F9FA1900F90399 /* Build configuration list for PBXNativeTarget "LocoFramework" */ = {
			isa = XCConfigurationList;
			buildConfigurations = (
				AECD12C125F9FA1900F90399 /* Debug */,
				AECD12C225F9FA1900F90399 /* Release */,
			);
			defaultConfigurationIsVisible = 0;
			defaultConfigurationName = Release;
		};
		AECD12C325F9FA1900F90399 /* Build configuration list for PBXNativeTarget "LocoFrameworkTests" */ = {
			isa = XCConfigurationList;
			buildConfigurations = (
				AECD12C425F9FA1900F90399 /* Debug */,
				AECD12C525F9FA1900F90399 /* Release */,
			);
			defaultConfigurationIsVisible = 0;
			defaultConfigurationName = Release;
		};
/* End XCConfigurationList section */
	};
	rootObject = AECD12A325F9FA1900F90399 /* Project object */;
}
